{
  "name": "pkg",
  "version": "1.0.0",
  "lockfileVersion": 3,
  "requires": true,
  "packages": {
    "": {
      "name": "pkg",
      "version": "1.0.0",
      "license": "MIT",
      "dependencies": {
        "@gamex/cc-ctrl-toast": "^1.1.2"
      }
    },
    "node_modules/@gamex/cc-ctrl-toast": {
      "version": "1.1.2",
      "resolved": "https://registry.npmmirror.com/@gamex/cc-ctrl-toast/-/cc-ctrl-toast-1.1.2.tgz",
      "integrity": "sha512-FKfGu5NrB85W9yZ1KwyQG4XhR1acfEk57QCw/IQsnpNVpDV+Tnfz2aGHLh5KWUdhUN8JOjiU+vdODyGQz7IgWg==",
      "license": "MIT"
    }
  }
}
